
Microsoft Visual Studio Solution File, Format Version 12.00
# Visual Studio Version 17
VisualStudioVersion = 17.5.33414.496
MinimumVisualStudioVersion = 10.0.40219.1
Project("{FAE04EC0-301F-11D3-BF4B-00C04F79EFBC}") = "tpmodul9_1302210113", "tpmodul9_1302210113\tpmodul9_1302210113.csproj", "{561A6BA2-199C-46DA-B718-782F9BCBF43B}"
EndProject
Global
	GlobalSection(SolutionConfigurationPlatforms) = preSolution
		Debug|Any CPU = Debug|Any CPU
		Release|Any CPU = Release|Any CPU
	EndGlobalSection
	GlobalSection(ProjectConfigurationPlatforms) = postSolution
		{561A6BA2-199C-46DA-B718-782F9BCBF43B}.Debug|Any CPU.ActiveCfg = Debug|Any CPU
		{561A6BA2-199C-46DA-B718-782F9BCBF43B}.Debug|Any CPU.Build.0 = Debug|Any CPU
		{561A6BA2-199C-46DA-B718-782F9BCBF43B}.Release|Any CPU.ActiveCfg = Release|Any CPU
		{561A6BA2-199C-46DA-B718-782F9BCBF43B}.Release|Any CPU.Build.0 = Release|Any CPU
	EndGlobalSection
	GlobalSection(SolutionProperties) = preSolution
		HideSolutionNode = FALSE
	EndGlobalSection
	GlobalSection(ExtensibilityGlobals) = postSolution
		SolutionGuid = {7D64F89C-71D6-477D-A0A8-DBE4BD1E68A4}
	EndGlobalSection
EndGlobal
